
Microsoft Visual Studio Solution File, Format Version 12.00
# Visual Studio Version 17
VisualStudioVersion = 17.7.34024.191
MinimumVisualStudioVersion = 10.0.40219.1
Project("{FAE04EC0-301F-11D3-BF4B-00C04F79EFBC}") = "Lab6", "Lab6.csproj", "{366A63EC-8273-404C-80F3-414C23796C3B}"
EndProject
Global
	GlobalSection(SolutionConfigurationPlatforms) = preSolution
		Debug|Any CPU = Debug|Any CPU
		Release|Any CPU = Release|Any CPU
	EndGlobalSection
	GlobalSection(ProjectConfigurationPlatforms) = postSolution
		{366A63EC-8273-404C-80F3-414C23796C3B}.Debug|Any CPU.ActiveCfg = Debug|Any CPU
		{366A63EC-8273-404C-80F3-414C23796C3B}.Debug|Any CPU.Build.0 = Debug|Any CPU
		{366A63EC-8273-404C-80F3-414C23796C3B}.Release|Any CPU.ActiveCfg = Release|Any CPU
		{366A63EC-8273-404C-80F3-414C23796C3B}.Release|Any CPU.Build.0 = Release|Any CPU
	EndGlobalSection
	GlobalSection(SolutionProperties) = preSolution
		HideSolutionNode = FALSE
	EndGlobalSection
	GlobalSection(ExtensibilityGlobals) = postSolution
		SolutionGuid = {C4736CB1-D4E4-4959-A4F4-6AEB38EF3C2A}
	EndGlobalSection
EndGlobal
